
Microsoft Visual Studio Solution File, Format Version 12.00
# Visual Studio 15
VisualStudioVersion = 15.0.28307.2092
MinimumVisualStudioVersion = 10.0.40219.1
Project("{FAE04EC0-301F-11D3-BF4B-00C04F79EFBC}") = "Lucky.EyGH.WebAPI", "Lucky.EyGH.WebAPI\Lucky.EyGH.WebAPI.csproj", "{5A7A1D7C-ABE7-4DFE-89C9-E4A5B176BAA3}"
EndProject
Project("{2150E333-8FDC-42A3-9474-1A3956D46DE8}") = "Source", "Source", "{5488CAAB-8195-4A8E-988F-729788D7623D}"
EndProject
Project("{2150E333-8FDC-42A3-9474-1A3956D46DE8}") = "Application Layer", "Application Layer", "{000DB510-C62F-4FD4-B68F-CF378EA8F4CB}"
EndProject
Project("{2150E333-8FDC-42A3-9474-1A3956D46DE8}") = "Domain Layer", "Domain Layer", "{73AE2C77-65BA-4D06-A4DB-CB5AF2D28B27}"
EndProject
Project("{2150E333-8FDC-42A3-9474-1A3956D46DE8}") = "Persistence Layer", "Persistence Layer", "{53AF67BB-A3E2-4C06-A20F-EB39C47A951D}"
EndProject
Project("{2150E333-8FDC-42A3-9474-1A3956D46DE8}") = "Presentation Layer", "Presentation Layer", "{6039A753-D60C-47E3-A870-068D3D991883}"
EndProject
Project("{2150E333-8FDC-42A3-9474-1A3956D46DE8}") = "Transversal Layer", "Transversal Layer", "{15EF5AF4-316E-4C75-86BE-273F4D370118}"
EndProject
Project("{FAE04EC0-301F-11D3-BF4B-00C04F79EFBC}") = "Lucky.EyGH.common", "Lucky.EyGH.common\Lucky.EyGH.common.csproj", "{C33BFFF0-22B4-444F-B51A-408A9D242493}"
EndProject
Project("{FAE04EC0-301F-11D3-BF4B-00C04F79EFBC}") = "Lucky.EyGH.Repository", "Lucky.EyGH.Repository\Lucky.EyGH.Repository.csproj", "{0E12F0E2-3A12-4238-A032-E1E2B31E63EC}"
EndProject
Project("{FAE04EC0-301F-11D3-BF4B-00C04F79EFBC}") = "Lucky.EyGH.Repository.SqlServer", "Lucky.EyGH.Repository.SqlServer\Lucky.EyGH.Repository.SqlServer.csproj", "{AB3A4929-CC06-471F-AAC4-E2D9CF5B45D1}"
EndProject
Project("{FAE04EC0-301F-11D3-BF4B-00C04F79EFBC}") = "Lucky.EyGH.Domain", "Lucky.EyGH.Domain\Lucky.EyGH.Domain.csproj", "{DB2B184B-DE36-402C-9211-9017CA66A30A}"
EndProject
Project("{FAE04EC0-301F-11D3-BF4B-00C04F79EFBC}") = "Lucky.EyGH.BussinessLogic", "Lucky.EyGH.BussinessLogic\Lucky.EyGH.BussinessLogic.csproj", "{BDF641CC-6623-4A78-ACE2-E584CDA45B33}"
EndProject
Global
	GlobalSection(SolutionConfigurationPlatforms) = preSolution
		Debug|Any CPU = Debug|Any CPU
		Release|Any CPU = Release|Any CPU
	EndGlobalSection
	GlobalSection(ProjectConfigurationPlatforms) = postSolution
		{5A7A1D7C-ABE7-4DFE-89C9-E4A5B176BAA3}.Debug|Any CPU.ActiveCfg = Debug|Any CPU
		{5A7A1D7C-ABE7-4DFE-89C9-E4A5B176BAA3}.Debug|Any CPU.Build.0 = Debug|Any CPU
		{5A7A1D7C-ABE7-4DFE-89C9-E4A5B176BAA3}.Release|Any CPU.ActiveCfg = Release|Any CPU
		{5A7A1D7C-ABE7-4DFE-89C9-E4A5B176BAA3}.Release|Any CPU.Build.0 = Release|Any CPU
		{C33BFFF0-22B4-444F-B51A-408A9D242493}.Debug|Any CPU.ActiveCfg = Debug|Any CPU
		{C33BFFF0-22B4-444F-B51A-408A9D242493}.Debug|Any CPU.Build.0 = Debug|Any CPU
		{C33BFFF0-22B4-444F-B51A-408A9D242493}.Release|Any CPU.ActiveCfg = Release|Any CPU
		{C33BFFF0-22B4-444F-B51A-408A9D242493}.Release|Any CPU.Build.0 = Release|Any CPU
		{0E12F0E2-3A12-4238-A032-E1E2B31E63EC}.Debug|Any CPU.ActiveCfg = Debug|Any CPU
		{0E12F0E2-3A12-4238-A032-E1E2B31E63EC}.Debug|Any CPU.Build.0 = Debug|Any CPU
		{0E12F0E2-3A12-4238-A032-E1E2B31E63EC}.Release|Any CPU.ActiveCfg = Release|Any CPU
		{0E12F0E2-3A12-4238-A032-E1E2B31E63EC}.Release|Any CPU.Build.0 = Release|Any CPU
		{AB3A4929-CC06-471F-AAC4-E2D9CF5B45D1}.Debug|Any CPU.ActiveCfg = Debug|Any CPU
		{AB3A4929-CC06-471F-AAC4-E2D9CF5B45D1}.Debug|Any CPU.Build.0 = Debug|Any CPU
		{AB3A4929-CC06-471F-AAC4-E2D9CF5B45D1}.Release|Any CPU.ActiveCfg = Release|Any CPU
		{AB3A4929-CC06-471F-AAC4-E2D9CF5B45D1}.Release|Any CPU.Build.0 = Release|Any CPU
		{DB2B184B-DE36-402C-9211-9017CA66A30A}.Debug|Any CPU.ActiveCfg = Debug|Any CPU
		{DB2B184B-DE36-402C-9211-9017CA66A30A}.Debug|Any CPU.Build.0 = Debug|Any CPU
		{DB2B184B-DE36-402C-9211-9017CA66A30A}.Release|Any CPU.ActiveCfg = Release|Any CPU
		{DB2B184B-DE36-402C-9211-9017CA66A30A}.Release|Any CPU.Build.0 = Release|Any CPU
		{BDF641CC-6623-4A78-ACE2-E584CDA45B33}.Debug|Any CPU.ActiveCfg = Debug|Any CPU
		{BDF641CC-6623-4A78-ACE2-E584CDA45B33}.Debug|Any CPU.Build.0 = Debug|Any CPU
		{BDF641CC-6623-4A78-ACE2-E584CDA45B33}.Release|Any CPU.ActiveCfg = Release|Any CPU
		{BDF641CC-6623-4A78-ACE2-E584CDA45B33}.Release|Any CPU.Build.0 = Release|Any CPU
	EndGlobalSection
	GlobalSection(SolutionProperties) = preSolution
		HideSolutionNode = FALSE
	EndGlobalSection
	GlobalSection(NestedProjects) = preSolution
		{5A7A1D7C-ABE7-4DFE-89C9-E4A5B176BAA3} = {6039A753-D60C-47E3-A870-068D3D991883}
		{000DB510-C62F-4FD4-B68F-CF378EA8F4CB} = {5488CAAB-8195-4A8E-988F-729788D7623D}
		{73AE2C77-65BA-4D06-A4DB-CB5AF2D28B27} = {5488CAAB-8195-4A8E-988F-729788D7623D}
		{53AF67BB-A3E2-4C06-A20F-EB39C47A951D} = {5488CAAB-8195-4A8E-988F-729788D7623D}
		{6039A753-D60C-47E3-A870-068D3D991883} = {5488CAAB-8195-4A8E-988F-729788D7623D}
		{15EF5AF4-316E-4C75-86BE-273F4D370118} = {5488CAAB-8195-4A8E-988F-729788D7623D}
		{C33BFFF0-22B4-444F-B51A-408A9D242493} = {15EF5AF4-316E-4C75-86BE-273F4D370118}
		{0E12F0E2-3A12-4238-A032-E1E2B31E63EC} = {53AF67BB-A3E2-4C06-A20F-EB39C47A951D}
		{AB3A4929-CC06-471F-AAC4-E2D9CF5B45D1} = {53AF67BB-A3E2-4C06-A20F-EB39C47A951D}
		{DB2B184B-DE36-402C-9211-9017CA66A30A} = {73AE2C77-65BA-4D06-A4DB-CB5AF2D28B27}
		{BDF641CC-6623-4A78-ACE2-E584CDA45B33} = {000DB510-C62F-4FD4-B68F-CF378EA8F4CB}
	EndGlobalSection
	GlobalSection(ExtensibilityGlobals) = postSolution
		SolutionGuid = {5A0249A9-5EB5-48E1-8377-F6C2A52D2857}
	EndGlobalSection
EndGlobal
